Microsoft Visual Studio Solution File, Format Version 11.00
# Visual Studio 2008

Project("{B1B33CAC-B650-D936-3EB3-ADAAA2105B12}") = "Entitas.Unity.VisualDebugging", "Assembly-CSharp.csproj", "{473E785C-BFBC-3731-D01C-B3014E64B5F1}"
EndProject
Project("{B1B33CAC-B650-D936-3EB3-ADAAA2105B12}") = "Entitas.Unity.VisualDebugging", "Assembly-CSharp-Editor.csproj", "{92650E10-9650-2124-441D-F3B7BF0AC247}"
EndProject
Global
	GlobalSection(SolutionConfigurationPlatforms) = preSolution
		Debug|Any CPU = Debug|Any CPU
		Release|Any CPU = Release|Any CPU
	EndGlobalSection
	GlobalSection(ProjectConfigurationPlatforms) = postSolution
		{473E785C-BFBC-3731-D01C-B3014E64B5F1}.Debug|Any CPU.ActiveCfg = Debug|Any CPU
		{473E785C-BFBC-3731-D01C-B3014E64B5F1}.Debug|Any CPU.Build.0 = Debug|Any CPU
		{473E785C-BFBC-3731-D01C-B3014E64B5F1}.Release|Any CPU.ActiveCfg = Release|Any CPU
		{473E785C-BFBC-3731-D01C-B3014E64B5F1}.Release|Any CPU.Build.0 = Release|Any CPU
		{92650E10-9650-2124-441D-F3B7BF0AC247}.Debug|Any CPU.ActiveCfg = Debug|Any CPU
		{92650E10-9650-2124-441D-F3B7BF0AC247}.Debug|Any CPU.Build.0 = Debug|Any CPU
		{92650E10-9650-2124-441D-F3B7BF0AC247}.Release|Any CPU.ActiveCfg = Release|Any CPU
		{92650E10-9650-2124-441D-F3B7BF0AC247}.Release|Any CPU.Build.0 = Release|Any CPU
	EndGlobalSection
	GlobalSection(SolutionProperties) = preSolution
		HideSolutionNode = FALSE
	EndGlobalSection
	GlobalSection(MonoDevelopProperties) = preSolution
		StartupItem = Assembly-CSharp.csproj
	EndGlobalSection
EndGlobal
