
Microsoft Visual Studio Solution File, Format Version 12.00
# Visual Studio 2012
Project("{FAE04EC0-301F-11D3-BF4B-00C04F79EFBC}") = "Entitas", "Entitas\Entitas.csproj", "{A0A11CC3-8B1E-4345-A5FA-01FC60E581D8}"
EndProject
Project("{FAE04EC0-301F-11D3-BF4B-00C04F79EFBC}") = "Tests", "Tests\Tests.csproj", "{E2247925-03D6-40FC-AFA4-D7DA01FA6F4E}"
EndProject
Project("{FAE04EC0-301F-11D3-BF4B-00C04F79EFBC}") = "PerformanceTests", "PerformanceTests\PerformanceTests.csproj", "{3F97DA95-DF04-49BF-BB3C-961A516680F3}"
EndProject
Project("{FAE04EC0-301F-11D3-BF4B-00C04F79EFBC}") = "Readme", "Readme\Readme.csproj", "{9604FF12-06E3-41FB-B510-3A52ECBF4D6C}"
EndProject
Project("{FAE04EC0-301F-11D3-BF4B-00C04F79EFBC}") = "Entitas.Migration", "Entitas.Migration\Entitas.Migration.csproj", "{40AF9ACC-9C00-4EDB-8937-9EA9EC4E5F4E}"
EndProject
Project("{FAE04EC0-301F-11D3-BF4B-00C04F79EFBC}") = "Entitas.CodeGenerator", "Entitas.CodeGenerator\Entitas.CodeGenerator.csproj", "{986CCDD6-4931-4A2C-93BD-9EDB64FAAEB6}"
EndProject
Project("{FAE04EC0-301F-11D3-BF4B-00C04F79EFBC}") = "Entitas.Utils", "Entitas.Utils\Entitas.Utils.csproj", "{9FEAE5CD-2FA2-44BE-BFED-CF3569182C7F}"
EndProject
Project("{FAE04EC0-301F-11D3-BF4B-00C04F79EFBC}") = "Entitas.Blueprints", "Entitas.Blueprints\Entitas.Blueprints.csproj", "{60EE6FAB-C575-4539-A8B8-23A2A64C00E2}"
EndProject
Project("{FAE04EC0-301F-11D3-BF4B-00C04F79EFBC}") = "Entitas.Api", "Entitas.Api\Entitas.Api.csproj", "{124A01F2-AB29-438A-BB4A-1CDA48A8E5C9}"
EndProject
Global
	GlobalSection(SolutionConfigurationPlatforms) = preSolution
		Debug|Any CPU = Debug|Any CPU
		Release|Any CPU = Release|Any CPU
	EndGlobalSection
	GlobalSection(ProjectConfigurationPlatforms) = postSolution
		{3F97DA95-DF04-49BF-BB3C-961A516680F3}.Debug|Any CPU.ActiveCfg = Debug|Any CPU
		{3F97DA95-DF04-49BF-BB3C-961A516680F3}.Debug|Any CPU.Build.0 = Debug|Any CPU
		{3F97DA95-DF04-49BF-BB3C-961A516680F3}.Release|Any CPU.ActiveCfg = Release|Any CPU
		{3F97DA95-DF04-49BF-BB3C-961A516680F3}.Release|Any CPU.Build.0 = Release|Any CPU
		{40AF9ACC-9C00-4EDB-8937-9EA9EC4E5F4E}.Debug|Any CPU.ActiveCfg = Debug|Any CPU
		{40AF9ACC-9C00-4EDB-8937-9EA9EC4E5F4E}.Debug|Any CPU.Build.0 = Debug|Any CPU
		{40AF9ACC-9C00-4EDB-8937-9EA9EC4E5F4E}.Release|Any CPU.ActiveCfg = Release|Any CPU
		{40AF9ACC-9C00-4EDB-8937-9EA9EC4E5F4E}.Release|Any CPU.Build.0 = Release|Any CPU
		{9604FF12-06E3-41FB-B510-3A52ECBF4D6C}.Debug|Any CPU.ActiveCfg = Debug|Any CPU
		{9604FF12-06E3-41FB-B510-3A52ECBF4D6C}.Debug|Any CPU.Build.0 = Debug|Any CPU
		{9604FF12-06E3-41FB-B510-3A52ECBF4D6C}.Release|Any CPU.ActiveCfg = Release|Any CPU
		{9604FF12-06E3-41FB-B510-3A52ECBF4D6C}.Release|Any CPU.Build.0 = Release|Any CPU
		{A0A11CC3-8B1E-4345-A5FA-01FC60E581D8}.Debug|Any CPU.ActiveCfg = Debug|Any CPU
		{A0A11CC3-8B1E-4345-A5FA-01FC60E581D8}.Debug|Any CPU.Build.0 = Debug|Any CPU
		{A0A11CC3-8B1E-4345-A5FA-01FC60E581D8}.Release|Any CPU.ActiveCfg = Release|Any CPU
		{A0A11CC3-8B1E-4345-A5FA-01FC60E581D8}.Release|Any CPU.Build.0 = Release|Any CPU
		{E2247925-03D6-40FC-AFA4-D7DA01FA6F4E}.Debug|Any CPU.ActiveCfg = Debug|Any CPU
		{E2247925-03D6-40FC-AFA4-D7DA01FA6F4E}.Debug|Any CPU.Build.0 = Debug|Any CPU
		{E2247925-03D6-40FC-AFA4-D7DA01FA6F4E}.Release|Any CPU.ActiveCfg = Release|Any CPU
		{E2247925-03D6-40FC-AFA4-D7DA01FA6F4E}.Release|Any CPU.Build.0 = Release|Any CPU
		{986CCDD6-4931-4A2C-93BD-9EDB64FAAEB6}.Debug|Any CPU.ActiveCfg = Debug|Any CPU
		{986CCDD6-4931-4A2C-93BD-9EDB64FAAEB6}.Debug|Any CPU.Build.0 = Debug|Any CPU
		{986CCDD6-4931-4A2C-93BD-9EDB64FAAEB6}.Release|Any CPU.ActiveCfg = Release|Any CPU
		{986CCDD6-4931-4A2C-93BD-9EDB64FAAEB6}.Release|Any CPU.Build.0 = Release|Any CPU
		{9FEAE5CD-2FA2-44BE-BFED-CF3569182C7F}.Debug|Any CPU.ActiveCfg = Debug|Any CPU
		{9FEAE5CD-2FA2-44BE-BFED-CF3569182C7F}.Debug|Any CPU.Build.0 = Debug|Any CPU
		{9FEAE5CD-2FA2-44BE-BFED-CF3569182C7F}.Release|Any CPU.ActiveCfg = Release|Any CPU
		{9FEAE5CD-2FA2-44BE-BFED-CF3569182C7F}.Release|Any CPU.Build.0 = Release|Any CPU
		{60EE6FAB-C575-4539-A8B8-23A2A64C00E2}.Debug|Any CPU.ActiveCfg = Debug|Any CPU
		{60EE6FAB-C575-4539-A8B8-23A2A64C00E2}.Debug|Any CPU.Build.0 = Debug|Any CPU
		{60EE6FAB-C575-4539-A8B8-23A2A64C00E2}.Release|Any CPU.ActiveCfg = Release|Any CPU
		{60EE6FAB-C575-4539-A8B8-23A2A64C00E2}.Release|Any CPU.Build.0 = Release|Any CPU
		{124A01F2-AB29-438A-BB4A-1CDA48A8E5C9}.Debug|Any CPU.ActiveCfg = Debug|Any CPU
		{124A01F2-AB29-438A-BB4A-1CDA48A8E5C9}.Debug|Any CPU.Build.0 = Debug|Any CPU
		{124A01F2-AB29-438A-BB4A-1CDA48A8E5C9}.Release|Any CPU.ActiveCfg = Release|Any CPU
		{124A01F2-AB29-438A-BB4A-1CDA48A8E5C9}.Release|Any CPU.Build.0 = Release|Any CPU
	EndGlobalSection
	GlobalSection(MonoDevelopProperties) = preSolution
		Policies = $0
		$0.DotNetNamingPolicy = $1
		$1.DirectoryNamespaceAssociation = None
		$1.ResourceNamePolicy = FileName
		$0.TextStylePolicy = $2
		$2.inheritsSet = VisualStudio
		$2.inheritsScope = text/plain
		$2.scope = text/x-csharp
		$0.TextStylePolicy = $3
		$3.inheritsSet = VisualStudio
		$3.inheritsScope = text/plain
		$3.scope = text/x-csharp
		$0.CSharpFormattingPolicy = $4
		$4.IndentSwitchBody = True
		$4.NamespaceBraceStyle = EndOfLine
		$4.ClassBraceStyle = EndOfLine
		$4.InterfaceBraceStyle = EndOfLine
		$4.StructBraceStyle = EndOfLine
		$4.EnumBraceStyle = EndOfLine
		$4.MethodBraceStyle = EndOfLine
		$4.ConstructorBraceStyle = EndOfLine
		$4.DestructorBraceStyle = EndOfLine
		$4.BeforeMethodDeclarationParentheses = False
		$4.BeforeMethodCallParentheses = False
		$4.BeforeConstructorDeclarationParentheses = False
		$4.BeforeIndexerDeclarationBracket = False
		$4.BeforeDelegateDeclarationParentheses = False
		$4.AfterDelegateDeclarationParameterComma = True
		$4.NewParentheses = False
		$4.SpacesBeforeBrackets = False
		$4.BlankLinesBeforeUsings = 1
		$4.BlankLinesBetweenMembers = 0
		$4.AlignToFirstMethodDeclarationParameter = False
		$4.AlignToFirstIndexerDeclarationParameter = False
		$4.inheritsSet = Mono
		$4.inheritsScope = text/x-csharp
		$4.scope = text/x-csharp
		$4.NewLinesForBracesInTypes = False
		$4.NewLinesForBracesInMethods = False
		$4.SpacingAfterMethodDeclarationName = False
		$4.SpaceAfterMethodCallName = False
		$4.SpaceBeforeOpenSquareBracket = False
		$4.IndentSwitchSection = True
		$4.SpaceAfterControlFlowStatementKeyword = False
		$0.StandardHeader = $5
		$5.Text = 
		$5.IncludeInNewFiles = True
		$0.NameConventionPolicy = $6
		$6.Rules = $7
		$7.NamingRule = $8
		$8.Name = Constants (local)
		$8.AffectedEntity = LocalConstant
		$8.VisibilityMask = VisibilityMask
		$8.NamingStyle = CamelCase
		$8.IncludeInstanceMembers = True
		$8.IncludeStaticEntities = True
		$8.RequiredPrefixes = $27
		$27.String = T
		$8.RequiredSuffixes = $28
		$28.String = Exception
		$7.NamingRule = $9
		$9.Name = Interfaces
		$9.RequiredPrefixes = $10
		$10.String = I
		$9.AffectedEntity = Interface
		$9.VisibilityMask = VisibilityMask
		$9.NamingStyle = PascalCase
		$9.IncludeInstanceMembers = True
		$9.IncludeStaticEntities = True
		$7.NamingRule = $11
		$11.Name = Attributes
		$11.RequiredSuffixes = $12
		$12.String = Attribute
		$11.AffectedEntity = CustomAttributes
		$11.VisibilityMask = VisibilityMask
		$11.NamingStyle = PascalCase
		$11.IncludeInstanceMembers = True
		$11.IncludeStaticEntities = True
		$7.NamingRule = $13
		$13.Name = Event Args
		$13.RequiredSuffixes = $14
		$14.String = EventArgs
		$13.AffectedEntity = CustomEventArgs
		$13.VisibilityMask = VisibilityMask
		$13.NamingStyle = PascalCase
		$13.IncludeInstanceMembers = True
		$13.IncludeStaticEntities = True
		$7.NamingRule = $15
		$15.Name = Exceptions
		$15.RequiredSuffixes = $16
		$16.String = Exception
		$15.AffectedEntity = CustomExceptions
		$15.VisibilityMask = VisibilityMask
		$15.NamingStyle = PascalCase
		$15.IncludeInstanceMembers = True
		$15.IncludeStaticEntities = True
		$7.NamingRule = $17
		$17.Name = camelCase
		$17.AffectedEntity = Property, Parameter, LambdaParameter, LocalVariable
		$17.VisibilityMask = VisibilityMask
		$17.NamingStyle = CamelCaseWithLowerLetterUnderscore
		$17.IncludeInstanceMembers = True
		$17.IncludeStaticEntities = True
		$7.NamingRule = $18
		$18.Name = Fields (non public)
		$18.RequiredPrefixes = $19
		$19.String = _
		$18.AffectedEntity = Field, ReadonlyField
		$18.VisibilityMask = Private, Internal, Protected
		$18.NamingStyle = CamelCase
		$18.IncludeInstanceMembers = True
		$18.IncludeStaticEntities = True
		$7.NamingRule = $20
		$20.Name = Fields
		$20.AffectedEntity = Field, ReadonlyField
		$20.VisibilityMask = Public
		$20.NamingStyle = CamelCase
		$20.IncludeInstanceMembers = True
		$20.IncludeStaticEntities = True
		$7.NamingRule = $21
		$21.Name = Methods (public)
		$21.AffectedEntity = Methods
		$21.VisibilityMask = Public
		$21.NamingStyle = PascalCase
		$21.IncludeInstanceMembers = True
		$21.IncludeStaticEntities = True
		$7.NamingRule = $22
		$22.Name = Methods
		$22.AffectedEntity = Methods
		$22.VisibilityMask = Private, Internal, Protected
		$22.NamingStyle = CamelCase
		$22.IncludeInstanceMembers = True
		$22.IncludeStaticEntities = True
		$7.NamingRule = $23
		$23.Name = Type Parameters
		$23.RequiredPrefixes = $24
		$24.String = T
		$23.AffectedEntity = TypeParameter
		$23.VisibilityMask = VisibilityMask
		$23.NamingStyle = PascalCase
		$23.IncludeInstanceMembers = True
		$23.IncludeStaticEntities = True
		$7.NamingRule = $25
		$25.Name = Constants
		$25.AffectedEntity = ConstantField
		$25.VisibilityMask = VisibilityMask
		$25.NamingStyle = AllUpper
		$25.IncludeInstanceMembers = True
		$25.IncludeStaticEntities = True
		$7.NamingRule = $26
		$26.Name = Constants (local)
		$26.AffectedEntity = LocalConstant
		$26.VisibilityMask = VisibilityMask
		$26.NamingStyle = CamelCase
		$26.IncludeInstanceMembers = True
		$26.IncludeStaticEntities = True
		$0.XmlFormattingPolicy = $29
		$29.inheritsSet = Mono
		$29.inheritsScope = application/xml
		$29.scope = application/config+xml
		version = 1.0.0
	EndGlobalSection
EndGlobal
