Microsoft Visual Studio Solution File, Format Version 12.00
#
Project("{2150E333-8FDC-42A3-9474-1A3956D46DE8}") = "Entitas", "Entitas", "{C6D52863-46B5-4E9E-86DF-B937688BAB4C}"
EndProject
Project("{FAE04EC0-301F-11D3-BF4B-00C04F79EFBC}") = "Entitas", "src/Entitas/src/Entitas.csproj", "{A0A11CC3-8B1E-4345-A5FA-01FC60E581D8}"
EndProject
Project("{FAE04EC0-301F-11D3-BF4B-00C04F79EFBC}") = "Entitas.Tests", "src/Entitas/tests/Entitas.Tests.csproj", "{293F3CF5-5251-4963-8AB7-3CC88F53D13A}"
EndProject
Project("{2150E333-8FDC-42A3-9474-1A3956D46DE8}") = "Entitas.Blueprints", "Entitas.Blueprints", "{045086E4-E406-4775-8BE0-C6D0D5E8FADB}"
EndProject
Project("{FAE04EC0-301F-11D3-BF4B-00C04F79EFBC}") = "Entitas.Blueprints", "src/Entitas.Blueprints/src/Entitas.Blueprints.csproj", "{60EE6FAB-C575-4539-A8B8-23A2A64C00E2}"
EndProject
Project("{FAE04EC0-301F-11D3-BF4B-00C04F79EFBC}") = "Entitas.Blueprints.CodeGeneration.Plugins", "src/Entitas.Blueprints.CodeGeneration.Plugins/src/Entitas.Blueprints.CodeGeneration.Plugins.csproj", "{09DBBDC0-EEA5-42C5-B9A9-E83C0C6FCD8E}"
EndProject
Project("{FAE04EC0-301F-11D3-BF4B-00C04F79EFBC}") = "Entitas.Blueprints.CodeGeneration.Unity.Plugins", "src/Entitas.Blueprints.CodeGeneration.Unity.Plugins/src/Entitas.Blueprints.CodeGeneration.Unity.Plugins.csproj", "{205014A8-1E4A-40D2-A368-9D2497EA9AE1}"
EndProject
Project("{FAE04EC0-301F-11D3-BF4B-00C04F79EFBC}") = "Entitas.Blueprints.Unity", "src/Entitas.Blueprints.Unity/src/Entitas.Blueprints.Unity.csproj", "{026FFA2B-1F8D-4E05-A54D-67AB5B611985}"
EndProject
Project("{FAE04EC0-301F-11D3-BF4B-00C04F79EFBC}") = "Entitas.Blueprints.Unity.Editor", "src/Entitas.Blueprints.Unity.Editor/src/Entitas.Blueprints.Unity.Editor.csproj", "{79E05CCF-61CE-49AB-9E9A-D7672DD6A763}"
EndProject
Project("{FAE04EC0-301F-11D3-BF4B-00C04F79EFBC}") = "Entitas.Blueprints.Tests", "src/Entitas.Blueprints/tests/Entitas.Blueprints.Tests.csproj", "{C97671AB-F749-477F-AD12-E384DA06CDFA}"
EndProject
Project("{2150E333-8FDC-42A3-9474-1A3956D46DE8}") = "Entitas.CodeGeneration", "Entitas.CodeGeneration", "{7331AED0-297D-404E-82CB-770CD38ED863}"
EndProject
Project("{FAE04EC0-301F-11D3-BF4B-00C04F79EFBC}") = "Entitas.CodeGeneration.Attributes", "src/Entitas.CodeGeneration.Attributes/src/Entitas.CodeGeneration.Attributes.csproj", "{76A16CFD-7488-41D3-989B-CA2F1840E638}"
EndProject
Project("{FAE04EC0-301F-11D3-BF4B-00C04F79EFBC}") = "Entitas.CodeGeneration.Plugins", "src/Entitas.CodeGeneration.Plugins/src/Entitas.CodeGeneration.Plugins.csproj", "{84D279D3-76D8-4271-B895-83D46B08753C}"
EndProject
Project("{FAE04EC0-301F-11D3-BF4B-00C04F79EFBC}") = "Entitas.CodeGeneration.Tests", "src/Entitas.CodeGeneration/tests/Entitas.CodeGeneration.Tests.csproj", "{8C20DDC0-5FED-4C6A-8366-E4F7A895471D}"
EndProject
Project("{2150E333-8FDC-42A3-9474-1A3956D46DE8}") = "Entitas.Migration", "Entitas.Migration", "{F0ECDAD4-D069-4E52-98DB-1D63EC28A67C}"
EndProject
Project("{FAE04EC0-301F-11D3-BF4B-00C04F79EFBC}") = "Entitas.Migration", "src/Entitas.Migration/src/Entitas.Migration.csproj", "{40AF9ACC-9C00-4EDB-8937-9EA9EC4E5F4E}"
EndProject
Project("{FAE04EC0-301F-11D3-BF4B-00C04F79EFBC}") = "Entitas.Migration.CLI", "src/Entitas.Migration.CLI/src/Entitas.Migration.CLI.csproj", "{6A0B40E1-360D-455E-853F-5CF6024B8E2A}"
EndProject
Project("{FAE04EC0-301F-11D3-BF4B-00C04F79EFBC}") = "Entitas.Migration.Unity.Editor", "src/Entitas.Migration.Unity.Editor/src/Entitas.Migration.Unity.Editor.csproj", "{A4B431D0-D02D-4856-9FCD-FC55EFFF3028}"
EndProject
Project("{FAE04EC0-301F-11D3-BF4B-00C04F79EFBC}") = "Entitas.Migration.Tests", "src/Entitas.Migration/tests/Entitas.Migration.Tests.csproj", "{A881E0B3-5ADE-45A3-9DC0-59333B73B757}"
EndProject
Project("{FAE04EC0-301F-11D3-BF4B-00C04F79EFBC}") = "Entitas.Roslyn.CodeGeneration.Plugins", "src/Entitas.Roslyn.CodeGeneration.Plugins/src/Entitas.Roslyn.CodeGeneration.Plugins.csproj", "{E59A9835-AE58-4C7D-8FC3-4206BCB05DE4}"
EndProject
Project("{FAE04EC0-301F-11D3-BF4B-00C04F79EFBC}") = "Entitas.Unity", "src/Entitas.Unity/src/Entitas.Unity.csproj", "{CB3ADCB3-E842-4A71-B32E-15ABDE7311F6}"
EndProject
Project("{FAE04EC0-301F-11D3-BF4B-00C04F79EFBC}") = "Entitas.Unity.Editor", "src/Entitas.Unity.Editor/src/Entitas.Unity.Editor.csproj", "{9AF72B25-85B0-4FDC-85C3-660926C82438}"
EndProject
Project("{2150E333-8FDC-42A3-9474-1A3956D46DE8}") = "Entitas.VisualDebugging", "Entitas.VisualDebugging", "{552D0572-A491-49A5-8975-F53131E12E6B}"
EndProject
Project("{FAE04EC0-301F-11D3-BF4B-00C04F79EFBC}") = "Entitas.VisualDebugging.CodeGeneration.Plugins", "src/Entitas.VisualDebugging.CodeGeneration.Plugins/src/Entitas.VisualDebugging.CodeGeneration.Plugins.csproj", "{8EC3A728-37B1-480F-BE1E-2C1EFD1E1626}"
EndProject
Project("{FAE04EC0-301F-11D3-BF4B-00C04F79EFBC}") = "Entitas.VisualDebugging.Unity", "src/Entitas.VisualDebugging.Unity/src/Entitas.VisualDebugging.Unity.csproj", "{70222463-4E60-4862-8C18-1EBA6CA63353}"
EndProject
Project("{FAE04EC0-301F-11D3-BF4B-00C04F79EFBC}") = "Entitas.VisualDebugging.Unity.Editor", "src/Entitas.VisualDebugging.Unity.Editor/src/Entitas.VisualDebugging.Unity.Editor.csproj", "{6DCBB57A-C3A3-4055-B99E-0C97A0D3C4CA}"
EndProject
Project("{FAE04EC0-301F-11D3-BF4B-00C04F79EFBC}") = "Entitas.VisualDebugging.Tests", "src/Entitas.VisualDebugging/tests/Entitas.VisualDebugging.Tests.csproj", "{CEFDF4DE-6410-4ED0-B711-D43E198BA6C4}"
EndProject
Project("{2150E333-8FDC-42A3-9474-1A3956D46DE8}") = "Tests", "Tests", "{663F8023-1E6F-49FE-83D0-F60871AD282D}"
EndProject
Project("{FAE04EC0-301F-11D3-BF4B-00C04F79EFBC}") = "PerformanceTests", "Tests/PerformanceTests/PerformanceTests.csproj", "{3F97DA95-DF04-49BF-BB3C-961A516680F3}"
EndProject
Project("{FAE04EC0-301F-11D3-BF4B-00C04F79EFBC}") = "TestFixtures", "Tests/TestFixtures/TestFixtures.csproj", "{6F01CC45-F951-43A5-923E-D3778F9DD435}"
EndProject
Project("{FAE04EC0-301F-11D3-BF4B-00C04F79EFBC}") = "Tests", "Tests/Tests/Tests.csproj", "{E2247925-03D6-40FC-AFA4-D7DA01FA6F4E}"
EndProject
Project("{FAE04EC0-301F-11D3-BF4B-00C04F79EFBC}") = "Readme", "Readme/Readme.csproj", "{9604FF12-06E3-41FB-B510-3A52ECBF4D6C}"
EndProject
Global
	GlobalSection(SolutionConfigurationPlatforms) = preSolution
		Debug|Any CPU = Debug|Any CPU
		Release|Any CPU = Release|Any CPU
	EndGlobalSection
	GlobalSection(ProjectConfigurationPlatforms) = postSolution
		{A0A11CC3-8B1E-4345-A5FA-01FC60E581D8}.Debug|Any CPU.ActiveCfg = Debug|Any CPU
		{A0A11CC3-8B1E-4345-A5FA-01FC60E581D8}.Debug|Any CPU.Build.0 = Debug|Any CPU
		{A0A11CC3-8B1E-4345-A5FA-01FC60E581D8}.Release|Any CPU.ActiveCfg = Release|Any CPU
		{A0A11CC3-8B1E-4345-A5FA-01FC60E581D8}.Release|Any CPU.Build.0 = Release|Any CPU
		{293F3CF5-5251-4963-8AB7-3CC88F53D13A}.Debug|Any CPU.ActiveCfg = Debug|Any CPU
		{293F3CF5-5251-4963-8AB7-3CC88F53D13A}.Debug|Any CPU.Build.0 = Debug|Any CPU
		{293F3CF5-5251-4963-8AB7-3CC88F53D13A}.Release|Any CPU.ActiveCfg = Release|Any CPU
		{293F3CF5-5251-4963-8AB7-3CC88F53D13A}.Release|Any CPU.Build.0 = Release|Any CPU
		{60EE6FAB-C575-4539-A8B8-23A2A64C00E2}.Debug|Any CPU.ActiveCfg = Debug|Any CPU
		{60EE6FAB-C575-4539-A8B8-23A2A64C00E2}.Debug|Any CPU.Build.0 = Debug|Any CPU
		{60EE6FAB-C575-4539-A8B8-23A2A64C00E2}.Release|Any CPU.ActiveCfg = Release|Any CPU
		{60EE6FAB-C575-4539-A8B8-23A2A64C00E2}.Release|Any CPU.Build.0 = Release|Any CPU
		{09DBBDC0-EEA5-42C5-B9A9-E83C0C6FCD8E}.Debug|Any CPU.ActiveCfg = Debug|Any CPU
		{09DBBDC0-EEA5-42C5-B9A9-E83C0C6FCD8E}.Debug|Any CPU.Build.0 = Debug|Any CPU
		{09DBBDC0-EEA5-42C5-B9A9-E83C0C6FCD8E}.Release|Any CPU.ActiveCfg = Release|Any CPU
		{09DBBDC0-EEA5-42C5-B9A9-E83C0C6FCD8E}.Release|Any CPU.Build.0 = Release|Any CPU
		{205014A8-1E4A-40D2-A368-9D2497EA9AE1}.Debug|Any CPU.ActiveCfg = Debug|Any CPU
		{205014A8-1E4A-40D2-A368-9D2497EA9AE1}.Debug|Any CPU.Build.0 = Debug|Any CPU
		{205014A8-1E4A-40D2-A368-9D2497EA9AE1}.Release|Any CPU.ActiveCfg = Release|Any CPU
		{205014A8-1E4A-40D2-A368-9D2497EA9AE1}.Release|Any CPU.Build.0 = Release|Any CPU
		{026FFA2B-1F8D-4E05-A54D-67AB5B611985}.Debug|Any CPU.ActiveCfg = Debug|Any CPU
		{026FFA2B-1F8D-4E05-A54D-67AB5B611985}.Debug|Any CPU.Build.0 = Debug|Any CPU
		{026FFA2B-1F8D-4E05-A54D-67AB5B611985}.Release|Any CPU.ActiveCfg = Release|Any CPU
		{026FFA2B-1F8D-4E05-A54D-67AB5B611985}.Release|Any CPU.Build.0 = Release|Any CPU
		{79E05CCF-61CE-49AB-9E9A-D7672DD6A763}.Debug|Any CPU.ActiveCfg = Debug|Any CPU
		{79E05CCF-61CE-49AB-9E9A-D7672DD6A763}.Debug|Any CPU.Build.0 = Debug|Any CPU
		{79E05CCF-61CE-49AB-9E9A-D7672DD6A763}.Release|Any CPU.ActiveCfg = Release|Any CPU
		{79E05CCF-61CE-49AB-9E9A-D7672DD6A763}.Release|Any CPU.Build.0 = Release|Any CPU
		{C97671AB-F749-477F-AD12-E384DA06CDFA}.Debug|Any CPU.ActiveCfg = Debug|Any CPU
		{C97671AB-F749-477F-AD12-E384DA06CDFA}.Debug|Any CPU.Build.0 = Debug|Any CPU
		{C97671AB-F749-477F-AD12-E384DA06CDFA}.Release|Any CPU.ActiveCfg = Release|Any CPU
		{C97671AB-F749-477F-AD12-E384DA06CDFA}.Release|Any CPU.Build.0 = Release|Any CPU
		{76A16CFD-7488-41D3-989B-CA2F1840E638}.Debug|Any CPU.ActiveCfg = Debug|Any CPU
		{76A16CFD-7488-41D3-989B-CA2F1840E638}.Debug|Any CPU.Build.0 = Debug|Any CPU
		{76A16CFD-7488-41D3-989B-CA2F1840E638}.Release|Any CPU.ActiveCfg = Release|Any CPU
		{76A16CFD-7488-41D3-989B-CA2F1840E638}.Release|Any CPU.Build.0 = Release|Any CPU
		{84D279D3-76D8-4271-B895-83D46B08753C}.Debug|Any CPU.ActiveCfg = Debug|Any CPU
		{84D279D3-76D8-4271-B895-83D46B08753C}.Debug|Any CPU.Build.0 = Debug|Any CPU
		{84D279D3-76D8-4271-B895-83D46B08753C}.Release|Any CPU.ActiveCfg = Release|Any CPU
		{84D279D3-76D8-4271-B895-83D46B08753C}.Release|Any CPU.Build.0 = Release|Any CPU
		{8C20DDC0-5FED-4C6A-8366-E4F7A895471D}.Debug|Any CPU.ActiveCfg = Debug|Any CPU
		{8C20DDC0-5FED-4C6A-8366-E4F7A895471D}.Debug|Any CPU.Build.0 = Debug|Any CPU
		{8C20DDC0-5FED-4C6A-8366-E4F7A895471D}.Release|Any CPU.ActiveCfg = Release|Any CPU
		{8C20DDC0-5FED-4C6A-8366-E4F7A895471D}.Release|Any CPU.Build.0 = Release|Any CPU
		{40AF9ACC-9C00-4EDB-8937-9EA9EC4E5F4E}.Debug|Any CPU.ActiveCfg = Debug|Any CPU
		{40AF9ACC-9C00-4EDB-8937-9EA9EC4E5F4E}.Debug|Any CPU.Build.0 = Debug|Any CPU
		{40AF9ACC-9C00-4EDB-8937-9EA9EC4E5F4E}.Release|Any CPU.ActiveCfg = Release|Any CPU
		{40AF9ACC-9C00-4EDB-8937-9EA9EC4E5F4E}.Release|Any CPU.Build.0 = Release|Any CPU
		{6A0B40E1-360D-455E-853F-5CF6024B8E2A}.Debug|Any CPU.ActiveCfg = Debug|Any CPU
		{6A0B40E1-360D-455E-853F-5CF6024B8E2A}.Debug|Any CPU.Build.0 = Debug|Any CPU
		{6A0B40E1-360D-455E-853F-5CF6024B8E2A}.Release|Any CPU.ActiveCfg = Release|Any CPU
		{6A0B40E1-360D-455E-853F-5CF6024B8E2A}.Release|Any CPU.Build.0 = Release|Any CPU
		{A4B431D0-D02D-4856-9FCD-FC55EFFF3028}.Debug|Any CPU.ActiveCfg = Debug|Any CPU
		{A4B431D0-D02D-4856-9FCD-FC55EFFF3028}.Debug|Any CPU.Build.0 = Debug|Any CPU
		{A4B431D0-D02D-4856-9FCD-FC55EFFF3028}.Release|Any CPU.ActiveCfg = Release|Any CPU
		{A4B431D0-D02D-4856-9FCD-FC55EFFF3028}.Release|Any CPU.Build.0 = Release|Any CPU
		{A881E0B3-5ADE-45A3-9DC0-59333B73B757}.Debug|Any CPU.ActiveCfg = Debug|Any CPU
		{A881E0B3-5ADE-45A3-9DC0-59333B73B757}.Debug|Any CPU.Build.0 = Debug|Any CPU
		{A881E0B3-5ADE-45A3-9DC0-59333B73B757}.Release|Any CPU.ActiveCfg = Release|Any CPU
		{A881E0B3-5ADE-45A3-9DC0-59333B73B757}.Release|Any CPU.Build.0 = Release|Any CPU
		{E59A9835-AE58-4C7D-8FC3-4206BCB05DE4}.Debug|Any CPU.ActiveCfg = Debug|Any CPU
		{E59A9835-AE58-4C7D-8FC3-4206BCB05DE4}.Debug|Any CPU.Build.0 = Debug|Any CPU
		{E59A9835-AE58-4C7D-8FC3-4206BCB05DE4}.Release|Any CPU.ActiveCfg = Release|Any CPU
		{E59A9835-AE58-4C7D-8FC3-4206BCB05DE4}.Release|Any CPU.Build.0 = Release|Any CPU
		{CB3ADCB3-E842-4A71-B32E-15ABDE7311F6}.Debug|Any CPU.ActiveCfg = Debug|Any CPU
		{CB3ADCB3-E842-4A71-B32E-15ABDE7311F6}.Debug|Any CPU.Build.0 = Debug|Any CPU
		{CB3ADCB3-E842-4A71-B32E-15ABDE7311F6}.Release|Any CPU.ActiveCfg = Release|Any CPU
		{CB3ADCB3-E842-4A71-B32E-15ABDE7311F6}.Release|Any CPU.Build.0 = Release|Any CPU
		{9AF72B25-85B0-4FDC-85C3-660926C82438}.Debug|Any CPU.ActiveCfg = Debug|Any CPU
		{9AF72B25-85B0-4FDC-85C3-660926C82438}.Debug|Any CPU.Build.0 = Debug|Any CPU
		{9AF72B25-85B0-4FDC-85C3-660926C82438}.Release|Any CPU.ActiveCfg = Release|Any CPU
		{9AF72B25-85B0-4FDC-85C3-660926C82438}.Release|Any CPU.Build.0 = Release|Any CPU
		{8EC3A728-37B1-480F-BE1E-2C1EFD1E1626}.Debug|Any CPU.ActiveCfg = Debug|Any CPU
		{8EC3A728-37B1-480F-BE1E-2C1EFD1E1626}.Debug|Any CPU.Build.0 = Debug|Any CPU
		{8EC3A728-37B1-480F-BE1E-2C1EFD1E1626}.Release|Any CPU.ActiveCfg = Release|Any CPU
		{8EC3A728-37B1-480F-BE1E-2C1EFD1E1626}.Release|Any CPU.Build.0 = Release|Any CPU
		{70222463-4E60-4862-8C18-1EBA6CA63353}.Debug|Any CPU.ActiveCfg = Debug|Any CPU
		{70222463-4E60-4862-8C18-1EBA6CA63353}.Debug|Any CPU.Build.0 = Debug|Any CPU
		{70222463-4E60-4862-8C18-1EBA6CA63353}.Release|Any CPU.ActiveCfg = Release|Any CPU
		{70222463-4E60-4862-8C18-1EBA6CA63353}.Release|Any CPU.Build.0 = Release|Any CPU
		{6DCBB57A-C3A3-4055-B99E-0C97A0D3C4CA}.Debug|Any CPU.ActiveCfg = Debug|Any CPU
		{6DCBB57A-C3A3-4055-B99E-0C97A0D3C4CA}.Debug|Any CPU.Build.0 = Debug|Any CPU
		{6DCBB57A-C3A3-4055-B99E-0C97A0D3C4CA}.Release|Any CPU.ActiveCfg = Release|Any CPU
		{6DCBB57A-C3A3-4055-B99E-0C97A0D3C4CA}.Release|Any CPU.Build.0 = Release|Any CPU
		{CEFDF4DE-6410-4ED0-B711-D43E198BA6C4}.Debug|Any CPU.ActiveCfg = Debug|Any CPU
		{CEFDF4DE-6410-4ED0-B711-D43E198BA6C4}.Debug|Any CPU.Build.0 = Debug|Any CPU
		{CEFDF4DE-6410-4ED0-B711-D43E198BA6C4}.Release|Any CPU.ActiveCfg = Release|Any CPU
		{CEFDF4DE-6410-4ED0-B711-D43E198BA6C4}.Release|Any CPU.Build.0 = Release|Any CPU
		{3F97DA95-DF04-49BF-BB3C-961A516680F3}.Debug|Any CPU.ActiveCfg = Debug|Any CPU
		{3F97DA95-DF04-49BF-BB3C-961A516680F3}.Debug|Any CPU.Build.0 = Debug|Any CPU
		{3F97DA95-DF04-49BF-BB3C-961A516680F3}.Release|Any CPU.ActiveCfg = Release|Any CPU
		{3F97DA95-DF04-49BF-BB3C-961A516680F3}.Release|Any CPU.Build.0 = Release|Any CPU
		{6F01CC45-F951-43A5-923E-D3778F9DD435}.Debug|Any CPU.ActiveCfg = Debug|Any CPU
		{6F01CC45-F951-43A5-923E-D3778F9DD435}.Debug|Any CPU.Build.0 = Debug|Any CPU
		{6F01CC45-F951-43A5-923E-D3778F9DD435}.Release|Any CPU.ActiveCfg = Release|Any CPU
		{6F01CC45-F951-43A5-923E-D3778F9DD435}.Release|Any CPU.Build.0 = Release|Any CPU
		{E2247925-03D6-40FC-AFA4-D7DA01FA6F4E}.Debug|Any CPU.ActiveCfg = Debug|Any CPU
		{E2247925-03D6-40FC-AFA4-D7DA01FA6F4E}.Debug|Any CPU.Build.0 = Debug|Any CPU
		{E2247925-03D6-40FC-AFA4-D7DA01FA6F4E}.Release|Any CPU.ActiveCfg = Release|Any CPU
		{E2247925-03D6-40FC-AFA4-D7DA01FA6F4E}.Release|Any CPU.Build.0 = Release|Any CPU
		{9604FF12-06E3-41FB-B510-3A52ECBF4D6C}.Debug|Any CPU.ActiveCfg = Debug|Any CPU
		{9604FF12-06E3-41FB-B510-3A52ECBF4D6C}.Debug|Any CPU.Build.0 = Debug|Any CPU
		{9604FF12-06E3-41FB-B510-3A52ECBF4D6C}.Release|Any CPU.ActiveCfg = Release|Any CPU
		{9604FF12-06E3-41FB-B510-3A52ECBF4D6C}.Release|Any CPU.Build.0 = Release|Any CPU
	EndGlobalSection
	GlobalSection(NestedProjects) = preSolution
		{A0A11CC3-8B1E-4345-A5FA-01FC60E581D8} = {C6D52863-46B5-4E9E-86DF-B937688BAB4C}
		{293F3CF5-5251-4963-8AB7-3CC88F53D13A} = {C6D52863-46B5-4E9E-86DF-B937688BAB4C}
		{60EE6FAB-C575-4539-A8B8-23A2A64C00E2} = {045086E4-E406-4775-8BE0-C6D0D5E8FADB}
		{09DBBDC0-EEA5-42C5-B9A9-E83C0C6FCD8E} = {045086E4-E406-4775-8BE0-C6D0D5E8FADB}
		{205014A8-1E4A-40D2-A368-9D2497EA9AE1} = {045086E4-E406-4775-8BE0-C6D0D5E8FADB}
		{026FFA2B-1F8D-4E05-A54D-67AB5B611985} = {045086E4-E406-4775-8BE0-C6D0D5E8FADB}
		{79E05CCF-61CE-49AB-9E9A-D7672DD6A763} = {045086E4-E406-4775-8BE0-C6D0D5E8FADB}
		{C97671AB-F749-477F-AD12-E384DA06CDFA} = {045086E4-E406-4775-8BE0-C6D0D5E8FADB}
		{76A16CFD-7488-41D3-989B-CA2F1840E638} = {7331AED0-297D-404E-82CB-770CD38ED863}
		{84D279D3-76D8-4271-B895-83D46B08753C} = {7331AED0-297D-404E-82CB-770CD38ED863}
		{8C20DDC0-5FED-4C6A-8366-E4F7A895471D} = {7331AED0-297D-404E-82CB-770CD38ED863}
		{40AF9ACC-9C00-4EDB-8937-9EA9EC4E5F4E} = {F0ECDAD4-D069-4E52-98DB-1D63EC28A67C}
		{6A0B40E1-360D-455E-853F-5CF6024B8E2A} = {F0ECDAD4-D069-4E52-98DB-1D63EC28A67C}
		{A4B431D0-D02D-4856-9FCD-FC55EFFF3028} = {F0ECDAD4-D069-4E52-98DB-1D63EC28A67C}
		{A881E0B3-5ADE-45A3-9DC0-59333B73B757} = {F0ECDAD4-D069-4E52-98DB-1D63EC28A67C}
		{8EC3A728-37B1-480F-BE1E-2C1EFD1E1626} = {552D0572-A491-49A5-8975-F53131E12E6B}
		{70222463-4E60-4862-8C18-1EBA6CA63353} = {552D0572-A491-49A5-8975-F53131E12E6B}
		{6DCBB57A-C3A3-4055-B99E-0C97A0D3C4CA} = {552D0572-A491-49A5-8975-F53131E12E6B}
		{CEFDF4DE-6410-4ED0-B711-D43E198BA6C4} = {552D0572-A491-49A5-8975-F53131E12E6B}
		{3F97DA95-DF04-49BF-BB3C-961A516680F3} = {663F8023-1E6F-49FE-83D0-F60871AD282D}
		{6F01CC45-F951-43A5-923E-D3778F9DD435} = {663F8023-1E6F-49FE-83D0-F60871AD282D}
		{E2247925-03D6-40FC-AFA4-D7DA01FA6F4E} = {663F8023-1E6F-49FE-83D0-F60871AD282D}
	EndGlobalSection
EndGlobal
