
Microsoft Visual Studio Solution File, Format Version 12.00
# Visual Studio 2012
Project("{FAE04EC0-301F-11D3-BF4B-00C04F79EFBC}") = "Entitas", "Entitas\Entitas.csproj", "{A0A11CC3-8B1E-4345-A5FA-01FC60E581D8}"
EndProject
Project("{FAE04EC0-301F-11D3-BF4B-00C04F79EFBC}") = "Tests", "Tests\Tests.csproj", "{E2247925-03D6-40FC-AFA4-D7DA01FA6F4E}"
EndProject
Project("{FAE04EC0-301F-11D3-BF4B-00C04F79EFBC}") = "PerformanceTests", "PerformanceTests\PerformanceTests.csproj", "{3F97DA95-DF04-49BF-BB3C-961A516680F3}"
EndProject
Project("{FAE04EC0-301F-11D3-BF4B-00C04F79EFBC}") = "Dependencies", "Dependencies\Dependencies.csproj", "{A65102DB-7A15-4F25-A318-79FE0A9545BB}"
EndProject
Project("{FAE04EC0-301F-11D3-BF4B-00C04F79EFBC}") = "CodeGenerator", "CodeGenerator\CodeGenerator.csproj", "{4D7C8232-6930-4F13-9D9A-3C32A340BB62}"
EndProject
Global
	GlobalSection(SolutionConfigurationPlatforms) = preSolution
		Debug|Any CPU = Debug|Any CPU
		Release|Any CPU = Release|Any CPU
	EndGlobalSection
	GlobalSection(ProjectConfigurationPlatforms) = postSolution
		{3F97DA95-DF04-49BF-BB3C-961A516680F3}.Debug|Any CPU.ActiveCfg = Debug|Any CPU
		{3F97DA95-DF04-49BF-BB3C-961A516680F3}.Debug|Any CPU.Build.0 = Debug|Any CPU
		{3F97DA95-DF04-49BF-BB3C-961A516680F3}.Release|Any CPU.ActiveCfg = Release|Any CPU
		{3F97DA95-DF04-49BF-BB3C-961A516680F3}.Release|Any CPU.Build.0 = Release|Any CPU
		{4D7C8232-6930-4F13-9D9A-3C32A340BB62}.Debug|Any CPU.ActiveCfg = Debug|Any CPU
		{4D7C8232-6930-4F13-9D9A-3C32A340BB62}.Debug|Any CPU.Build.0 = Debug|Any CPU
		{4D7C8232-6930-4F13-9D9A-3C32A340BB62}.Release|Any CPU.ActiveCfg = Release|Any CPU
		{4D7C8232-6930-4F13-9D9A-3C32A340BB62}.Release|Any CPU.Build.0 = Release|Any CPU
		{A0A11CC3-8B1E-4345-A5FA-01FC60E581D8}.Debug|Any CPU.ActiveCfg = Debug|Any CPU
		{A0A11CC3-8B1E-4345-A5FA-01FC60E581D8}.Debug|Any CPU.Build.0 = Debug|Any CPU
		{A0A11CC3-8B1E-4345-A5FA-01FC60E581D8}.Release|Any CPU.ActiveCfg = Release|Any CPU
		{A0A11CC3-8B1E-4345-A5FA-01FC60E581D8}.Release|Any CPU.Build.0 = Release|Any CPU
		{A65102DB-7A15-4F25-A318-79FE0A9545BB}.Debug|Any CPU.ActiveCfg = Debug|Any CPU
		{A65102DB-7A15-4F25-A318-79FE0A9545BB}.Debug|Any CPU.Build.0 = Debug|Any CPU
		{A65102DB-7A15-4F25-A318-79FE0A9545BB}.Release|Any CPU.ActiveCfg = Release|Any CPU
		{A65102DB-7A15-4F25-A318-79FE0A9545BB}.Release|Any CPU.Build.0 = Release|Any CPU
		{E2247925-03D6-40FC-AFA4-D7DA01FA6F4E}.Debug|Any CPU.ActiveCfg = Debug|Any CPU
		{E2247925-03D6-40FC-AFA4-D7DA01FA6F4E}.Debug|Any CPU.Build.0 = Debug|Any CPU
		{E2247925-03D6-40FC-AFA4-D7DA01FA6F4E}.Release|Any CPU.ActiveCfg = Release|Any CPU
		{E2247925-03D6-40FC-AFA4-D7DA01FA6F4E}.Release|Any CPU.Build.0 = Release|Any CPU
	EndGlobalSection
	GlobalSection(MonoDevelopProperties) = preSolution
		StartupItem = Entitas\Entitas.csproj
		Policies = $0
		$0.DotNetNamingPolicy = $1
		$1.DirectoryNamespaceAssociation = None
		$1.ResourceNamePolicy = FileName
		$0.TextStylePolicy = $2
		$2.inheritsSet = VisualStudio
		$2.inheritsScope = text/plain
		$2.scope = text/plain
		$0.TextStylePolicy = $3
		$3.inheritsSet = VisualStudio
		$3.inheritsScope = text/plain
		$3.scope = text/x-csharp
		$0.CSharpFormattingPolicy = $4
		$4.IndentSwitchBody = True
		$4.AutoPropertyFormatting = ForceOneLine
		$4.NamespaceBraceStyle = EndOfLine
		$4.ClassBraceStyle = EndOfLine
		$4.InterfaceBraceStyle = EndOfLine
		$4.StructBraceStyle = EndOfLine
		$4.EnumBraceStyle = EndOfLine
		$4.MethodBraceStyle = EndOfLine
		$4.ConstructorBraceStyle = EndOfLine
		$4.DestructorBraceStyle = EndOfLine
		$4.BeforeMethodDeclarationParentheses = False
		$4.BeforeMethodCallParentheses = False
		$4.BeforeConstructorDeclarationParentheses = False
		$4.BeforeIndexerDeclarationBracket = False
		$4.BeforeDelegateDeclarationParentheses = False
		$4.AfterDelegateDeclarationParameterComma = True
		$4.NewParentheses = False
		$4.SpacesBeforeBrackets = False
		$4.BlankLinesBeforeUsings = 1
		$4.AlignToFirstIndexerDeclarationParameter = False
		$4.inheritsSet = Mono
		$4.inheritsScope = text/x-csharp
		$4.scope = text/x-csharp
		$0.StandardHeader = $5
		$5.Text = 
		$5.IncludeInNewFiles = True
		$0.NameConventionPolicy = $6
		$6.Rules = $7
		$7.NamingRule = $8
		$8.Name = Namespaces
		$8.AffectedEntity = Namespace
		$8.VisibilityMask = VisibilityMask
		$8.NamingStyle = PascalCase
		$8.IncludeInstanceMembers = True
		$8.IncludeStaticEntities = True
		$7.NamingRule = $9
		$9.Name = Types
		$9.AffectedEntity = Class, Struct, Enum, Delegate
		$9.VisibilityMask = VisibilityMask
		$9.NamingStyle = PascalCase
		$9.IncludeInstanceMembers = True
		$9.IncludeStaticEntities = True
		$7.NamingRule = $10
		$10.Name = Interfaces
		$10.RequiredPrefixes = $11
		$11.String = I
		$10.AffectedEntity = Interface
		$10.VisibilityMask = VisibilityMask
		$10.NamingStyle = PascalCase
		$10.IncludeInstanceMembers = True
		$10.IncludeStaticEntities = True
		$7.NamingRule = $12
		$12.Name = Attributes
		$12.RequiredSuffixes = $13
		$13.String = Attribute
		$12.AffectedEntity = CustomAttributes
		$12.VisibilityMask = VisibilityMask
		$12.NamingStyle = PascalCase
		$12.IncludeInstanceMembers = True
		$12.IncludeStaticEntities = True
		$7.NamingRule = $14
		$14.Name = Event Arguments
		$14.RequiredSuffixes = $15
		$15.String = EventArgs
		$14.AffectedEntity = CustomEventArgs
		$14.VisibilityMask = VisibilityMask
		$14.NamingStyle = PascalCase
		$14.IncludeInstanceMembers = True
		$14.IncludeStaticEntities = True
		$7.NamingRule = $16
		$16.Name = Exceptions
		$16.RequiredSuffixes = $17
		$17.String = Exception
		$16.AffectedEntity = CustomExceptions
		$16.VisibilityMask = VisibilityMask
		$16.NamingStyle = PascalCase
		$16.IncludeInstanceMembers = True
		$16.IncludeStaticEntities = True
		$7.NamingRule = $18
		$18.Name = Methods (Public)
		$18.AffectedEntity = Methods
		$18.VisibilityMask = Public
		$18.NamingStyle = PascalCase
		$18.IncludeInstanceMembers = True
		$18.IncludeStaticEntities = True
		$7.NamingRule = $19
		$19.Name = Static Readonly Fields
		$19.AffectedEntity = ReadonlyField
		$19.VisibilityMask = Internal, Protected, Public
		$19.NamingStyle = CamelCase
		$19.IncludeInstanceMembers = False
		$19.IncludeStaticEntities = True
		$7.NamingRule = $20
		$20.Name = Fields (Non Private)
		$20.AffectedEntity = Field
		$20.VisibilityMask = Internal, Protected, Public
		$20.NamingStyle = CamelCase
		$20.IncludeInstanceMembers = True
		$20.IncludeStaticEntities = True
		$7.NamingRule = $21
		$21.Name = ReadOnly Fields (Non Private)
		$21.AffectedEntity = ReadonlyField
		$21.VisibilityMask = Internal, Protected, Public
		$21.NamingStyle = CamelCase
		$21.IncludeInstanceMembers = True
		$21.IncludeStaticEntities = False
		$7.NamingRule = $22
		$22.Name = Fields (Private)
		$22.RequiredPrefixes = $23
		$23.String = _
		$22.AffectedEntity = Field, ReadonlyField
		$22.VisibilityMask = Private
		$22.NamingStyle = CamelCase
		$22.IncludeInstanceMembers = True
		$22.IncludeStaticEntities = False
		$7.NamingRule = $24
		$24.Name = Static Fields (Private)
		$24.AffectedEntity = Field
		$24.VisibilityMask = Private
		$24.NamingStyle = CamelCase
		$24.IncludeInstanceMembers = False
		$24.IncludeStaticEntities = True
		$7.NamingRule = $25
		$25.Name = ReadOnly Fields (Private)
		$25.RequiredPrefixes = $26
		$26.String = _
		$25.AffectedEntity = ReadonlyField
		$25.VisibilityMask = Private
		$25.NamingStyle = CamelCase
		$25.IncludeInstanceMembers = True
		$25.IncludeStaticEntities = False
		$7.NamingRule = $27
		$27.Name = Constant Fields
		$27.AffectedEntity = ConstantField
		$27.VisibilityMask = VisibilityMask
		$27.NamingStyle = CamelCase
		$27.IncludeInstanceMembers = True
		$27.IncludeStaticEntities = True
		$7.NamingRule = $28
		$28.Name = Properties
		$28.AffectedEntity = Property
		$28.VisibilityMask = VisibilityMask
		$28.NamingStyle = CamelCase
		$28.IncludeInstanceMembers = True
		$28.IncludeStaticEntities = True
		$7.NamingRule = $29
		$29.Name = Events
		$29.AffectedEntity = Event
		$29.VisibilityMask = VisibilityMask
		$29.NamingStyle = PascalCase
		$29.IncludeInstanceMembers = True
		$29.IncludeStaticEntities = True
		$7.NamingRule = $30
		$30.Name = Enum Members
		$30.AffectedEntity = EnumMember
		$30.VisibilityMask = VisibilityMask
		$30.NamingStyle = PascalCase
		$30.IncludeInstanceMembers = True
		$30.IncludeStaticEntities = True
		$7.NamingRule = $31
		$31.Name = Parameters
		$31.AffectedEntity = Parameter
		$31.VisibilityMask = VisibilityMask
		$31.NamingStyle = CamelCase
		$31.IncludeInstanceMembers = True
		$31.IncludeStaticEntities = True
		$7.NamingRule = $32
		$32.Name = Type Parameters
		$32.RequiredPrefixes = $33
		$33.String = T
		$32.AffectedEntity = TypeParameter
		$32.VisibilityMask = VisibilityMask
		$32.NamingStyle = PascalCase
		$32.IncludeInstanceMembers = True
		$32.IncludeStaticEntities = True
		$7.NamingRule = $34
		$34.Name = Methods
		$34.AffectedEntity = Methods
		$34.VisibilityMask = Private, Internal, Protected
		$34.NamingStyle = CamelCase
		$34.IncludeInstanceMembers = True
		$34.IncludeStaticEntities = True
	EndGlobalSection
EndGlobal
