Microsoft Visual Studio Solution File, Format Version 11.00
# Visual Studio 2008

Project("{B9E457BB-8802-D697-F89D-2F76CFBA2842}") = "Entitas.Unity.CodeGenerator", "Assembly-CSharp.csproj", "{1FD9529F-AD62-BA9D-663B-19EE10134E18}"
EndProject
Project("{B9E457BB-8802-D697-F89D-2F76CFBA2842}") = "Entitas.Unity.CodeGenerator", "Assembly-CSharp-Editor.csproj", "{5EF0A205-3153-0925-3099-DE47E2CE9DAE}"
EndProject
Global
	GlobalSection(SolutionConfigurationPlatforms) = preSolution
		Debug|Any CPU = Debug|Any CPU
		Release|Any CPU = Release|Any CPU
	EndGlobalSection
	GlobalSection(ProjectConfigurationPlatforms) = postSolution
		{1FD9529F-AD62-BA9D-663B-19EE10134E18}.Debug|Any CPU.ActiveCfg = Debug|Any CPU
		{1FD9529F-AD62-BA9D-663B-19EE10134E18}.Debug|Any CPU.Build.0 = Debug|Any CPU
		{1FD9529F-AD62-BA9D-663B-19EE10134E18}.Release|Any CPU.ActiveCfg = Release|Any CPU
		{1FD9529F-AD62-BA9D-663B-19EE10134E18}.Release|Any CPU.Build.0 = Release|Any CPU
		{5EF0A205-3153-0925-3099-DE47E2CE9DAE}.Debug|Any CPU.ActiveCfg = Debug|Any CPU
		{5EF0A205-3153-0925-3099-DE47E2CE9DAE}.Debug|Any CPU.Build.0 = Debug|Any CPU
		{5EF0A205-3153-0925-3099-DE47E2CE9DAE}.Release|Any CPU.ActiveCfg = Release|Any CPU
		{5EF0A205-3153-0925-3099-DE47E2CE9DAE}.Release|Any CPU.Build.0 = Release|Any CPU
	EndGlobalSection
	GlobalSection(SolutionProperties) = preSolution
		HideSolutionNode = FALSE
	EndGlobalSection
	GlobalSection(MonoDevelopProperties) = preSolution
		StartupItem = Assembly-CSharp.csproj
	EndGlobalSection
EndGlobal
