Microsoft Visual Studio Solution File, Format Version 11.00
# Visual Studio 2008

Project("{C244CD53-497D-9D1F-F960-9DC5DD7E901D}") = "Entitas.Unity", "Assembly-CSharp.csproj", "{520A8C80-EFE1-1AE2-149B-37C28729220D}"
EndProject
Project("{C244CD53-497D-9D1F-F960-9DC5DD7E901D}") = "Entitas.Unity", "Assembly-CSharp-Editor.csproj", "{778EF3E3-FEFC-763B-646A-48073B25C402}"
EndProject
Global
	GlobalSection(SolutionConfigurationPlatforms) = preSolution
		Debug|Any CPU = Debug|Any CPU
		Release|Any CPU = Release|Any CPU
	EndGlobalSection
	GlobalSection(ProjectConfigurationPlatforms) = postSolution
		{520A8C80-EFE1-1AE2-149B-37C28729220D}.Debug|Any CPU.ActiveCfg = Debug|Any CPU
		{520A8C80-EFE1-1AE2-149B-37C28729220D}.Debug|Any CPU.Build.0 = Debug|Any CPU
		{520A8C80-EFE1-1AE2-149B-37C28729220D}.Release|Any CPU.ActiveCfg = Release|Any CPU
		{520A8C80-EFE1-1AE2-149B-37C28729220D}.Release|Any CPU.Build.0 = Release|Any CPU
		{778EF3E3-FEFC-763B-646A-48073B25C402}.Debug|Any CPU.ActiveCfg = Debug|Any CPU
		{778EF3E3-FEFC-763B-646A-48073B25C402}.Debug|Any CPU.Build.0 = Debug|Any CPU
		{778EF3E3-FEFC-763B-646A-48073B25C402}.Release|Any CPU.ActiveCfg = Release|Any CPU
		{778EF3E3-FEFC-763B-646A-48073B25C402}.Release|Any CPU.Build.0 = Release|Any CPU
	EndGlobalSection
	GlobalSection(SolutionProperties) = preSolution
		HideSolutionNode = FALSE
	EndGlobalSection
	GlobalSection(MonoDevelopProperties) = preSolution
		StartupItem = Assembly-CSharp.csproj
	EndGlobalSection
EndGlobal
