Microsoft Visual Studio Solution File, Format Version 12.00
#
Project("{FAE04EC0-301F-11D3-BF4B-00C04F79EFBC}") = "Entitas.Roslyn.CodeGeneration.Plugins.Tests.Project", "Entitas.Roslyn.CodeGeneration.Plugins.Tests.Project.csproj", "{59C18082-8F9E-48A9-B564-F8B187466427}"
EndProject
Project("{FAE04EC0-301F-11D3-BF4B-00C04F79EFBC}") = "Entitas", "../../../Entitas/src/Entitas.csproj", "{A832FC3D-C576-4863-8B19-35E38495B726}"
EndProject
Global
	GlobalSection(SolutionConfigurationPlatforms) = preSolution
		Debug|Any CPU = Debug|Any CPU
		Release|Any CPU = Release|Any CPU
	EndGlobalSection
	GlobalSection(ProjectConfigurationPlatforms) = postSolution
		{59C18082-8F9E-48A9-B564-F8B187466427}.Debug|Any CPU.ActiveCfg = Debug|Any CPU
		{59C18082-8F9E-48A9-B564-F8B187466427}.Debug|Any CPU.Build.0 = Debug|Any CPU
		{59C18082-8F9E-48A9-B564-F8B187466427}.Release|Any CPU.ActiveCfg = Release|Any CPU
		{59C18082-8F9E-48A9-B564-F8B187466427}.Release|Any CPU.Build.0 = Release|Any CPU
		{A832FC3D-C576-4863-8B19-35E38495B726}.Debug|Any CPU.ActiveCfg = Debug|Any CPU
		{A832FC3D-C576-4863-8B19-35E38495B726}.Debug|Any CPU.Build.0 = Debug|Any CPU
		{A832FC3D-C576-4863-8B19-35E38495B726}.Release|Any CPU.ActiveCfg = Release|Any CPU
		{A832FC3D-C576-4863-8B19-35E38495B726}.Release|Any CPU.Build.0 = Release|Any CPU
	EndGlobalSection
EndGlobal
