Microsoft Visual Studio Solution File, Format Version 11.00
# Visual Studio 2008

Project("{C244CD53-497D-9D1F-F960-9DC5DD7E901D}") = "Entitas.Unity", "Assembly-CSharp.csproj", "{520A8C80-EFE1-1AE2-149B-37C28729220D}"
EndProject
Project("{C244CD53-497D-9D1F-F960-9DC5DD7E901D}") = "Entitas.Unity", "Assembly-CSharp-Editor.csproj", "{778EF3E3-FEFC-763B-646A-48073B25C402}"
EndProject
Global
	GlobalSection(SolutionConfigurationPlatforms) = preSolution
		Debug|Any CPU = Debug|Any CPU
		Release|Any CPU = Release|Any CPU
	EndGlobalSection
	GlobalSection(ProjectConfigurationPlatforms) = postSolution
		{520A8C80-EFE1-1AE2-149B-37C28729220D}.Debug|Any CPU.ActiveCfg = Debug|Any CPU
		{520A8C80-EFE1-1AE2-149B-37C28729220D}.Debug|Any CPU.Build.0 = Debug|Any CPU
		{520A8C80-EFE1-1AE2-149B-37C28729220D}.Release|Any CPU.ActiveCfg = Release|Any CPU
		{520A8C80-EFE1-1AE2-149B-37C28729220D}.Release|Any CPU.Build.0 = Release|Any CPU
		{778EF3E3-FEFC-763B-646A-48073B25C402}.Debug|Any CPU.ActiveCfg = Debug|Any CPU
		{778EF3E3-FEFC-763B-646A-48073B25C402}.Debug|Any CPU.Build.0 = Debug|Any CPU
		{778EF3E3-FEFC-763B-646A-48073B25C402}.Release|Any CPU.ActiveCfg = Release|Any CPU
		{778EF3E3-FEFC-763B-646A-48073B25C402}.Release|Any CPU.Build.0 = Release|Any CPU
	EndGlobalSection
	GlobalSection(SolutionProperties) = preSolution
		HideSolutionNode = FALSE
	EndGlobalSection
																																						GlobalSection(MonoDevelopProperties) = preSolution
		Policies = $0
		$0.TextStylePolicy = $1
		$1.inheritsSet = VisualStudio
		$1.inheritsScope = text/plain
		$1.scope = text/x-csharp
		$0.CSharpFormattingPolicy = $2
		$2.IndentSwitchBody = True
		$2.AutoPropertyFormatting = ForceOneLine
		$2.NamespaceBraceStyle = EndOfLine
		$2.ClassBraceStyle = EndOfLine
		$2.InterfaceBraceStyle = EndOfLine
		$2.StructBraceStyle = EndOfLine
		$2.EnumBraceStyle = EndOfLine
		$2.MethodBraceStyle = EndOfLine
		$2.ConstructorBraceStyle = EndOfLine
		$2.DestructorBraceStyle = EndOfLine
		$2.BeforeMethodDeclarationParentheses = False
		$2.BeforeMethodCallParentheses = False
		$2.BeforeConstructorDeclarationParentheses = False
		$2.BeforeIndexerDeclarationBracket = False
		$2.BeforeDelegateDeclarationParentheses = False
		$2.AfterDelegateDeclarationParameterComma = True
		$2.NewParentheses = False
		$2.SpacesBeforeBrackets = False
		$2.BlankLinesBeforeUsings = 1
		$2.AlignToFirstIndexerDeclarationParameter = False
		$2.inheritsSet = Mono
		$2.inheritsScope = text/x-csharp
		$2.scope = text/x-csharp
		$0.TextStylePolicy = $3
		$3.inheritsSet = VisualStudio
		$3.inheritsScope = text/plain
		$3.scope = text/plain
		$0.DotNetNamingPolicy = $4
		$4.DirectoryNamespaceAssociation = None
		$4.ResourceNamePolicy = FileName
		$0.StandardHeader = $5
		$5.Text = 
		$5.IncludeInNewFiles = True
		$0.NameConventionPolicy = $6
		$6.Rules = $7
		$7.NamingRule = $8
		$8.Name = PascalCase
		$8.AffectedEntity = Namespace, Class, Struct, Enum, Delegate, Event, EnumMember
		$8.VisibilityMask = VisibilityMask
		$8.NamingStyle = PascalCase
		$8.IncludeInstanceMembers = True
		$8.IncludeStaticEntities = True
		$7.NamingRule = $9
		$9.Name = Interfaces
		$9.RequiredPrefixes = $10
		$10.String = I
		$9.AffectedEntity = Interface
		$9.VisibilityMask = VisibilityMask
		$9.NamingStyle = PascalCase
		$9.IncludeInstanceMembers = True
		$9.IncludeStaticEntities = True
		$7.NamingRule = $11
		$11.Name = Attributes
		$11.RequiredSuffixes = $12
		$12.String = Attributes
		$11.AffectedEntity = CustomAttributes
		$11.VisibilityMask = VisibilityMask
		$11.NamingStyle = PascalCase
		$11.IncludeInstanceMembers = True
		$11.IncludeStaticEntities = True
		$7.NamingRule = $13
		$13.Name = Event Args
		$13.RequiredSuffixes = $14
		$14.String = EventArgs
		$13.AffectedEntity = CustomEventArgs
		$13.VisibilityMask = VisibilityMask
		$13.NamingStyle = PascalCase
		$13.IncludeInstanceMembers = True
		$13.IncludeStaticEntities = True
		$7.NamingRule = $15
		$15.Name = Exceptions
		$15.RequiredSuffixes = $16
		$16.String = Exception
		$15.AffectedEntity = CustomExceptions
		$15.VisibilityMask = VisibilityMask
		$15.NamingStyle = PascalCase
		$15.IncludeInstanceMembers = True
		$15.IncludeStaticEntities = True
		$7.NamingRule = $17
		$17.Name = camelCase
		$17.AffectedEntity = Property, ConstantField, LocalVars
		$17.VisibilityMask = VisibilityMask
		$17.NamingStyle = CamelCase
		$17.IncludeInstanceMembers = True
		$17.IncludeStaticEntities = True
		$7.NamingRule = $18
		$18.Name = Fields (non public)
		$18.RequiredPrefixes = $19
		$19.String = _
		$18.AffectedEntity = Field, ReadonlyField
		$18.VisibilityMask = Private, Internal, Protected
		$18.NamingStyle = CamelCase
		$18.IncludeInstanceMembers = True
		$18.IncludeStaticEntities = True
		$7.NamingRule = $20
		$20.Name = Fields
		$20.AffectedEntity = Field, ReadonlyField
		$20.VisibilityMask = Public
		$20.NamingStyle = CamelCase
		$20.IncludeInstanceMembers = True
		$20.IncludeStaticEntities = True
		$7.NamingRule = $21
		$21.Name = Methods (public)
		$21.AffectedEntity = Methods
		$21.VisibilityMask = Public
		$21.NamingStyle = PascalCase
		$21.IncludeInstanceMembers = True
		$21.IncludeStaticEntities = True
		$7.NamingRule = $22
		$22.Name = Methods
		$22.AffectedEntity = Methods
		$22.VisibilityMask = Private, Internal, Protected
		$22.NamingStyle = CamelCase
		$22.IncludeInstanceMembers = True
		$22.IncludeStaticEntities = True
		$7.NamingRule = $23
		$23.Name = Type Parameters
		$23.RequiredPrefixes = $24
		$24.String = T
		$23.AffectedEntity = TypeParameter
		$23.VisibilityMask = VisibilityMask
		$23.NamingStyle = PascalCase
		$23.IncludeInstanceMembers = True
		$23.IncludeStaticEntities = True
	EndGlobalSection

EndGlobal
